
Microsoft Visual Studio Solution File, Format Version 12.00
# Visual Studio Version 16
VisualStudioVersion = 16.0.29411.108
MinimumVisualStudioVersion = 10.0.40219.1
Project("{FAE04EC0-301F-11D3-BF4B-00C04F79EFBC}") = "FoodVendorsOfYVR", "FoodVendorsOfYVR\FoodVendorsOfYVR.csproj", "{7DB93E21-FCD2-4D41-9D3F-7BED039468A4}"
EndProject
Global
	GlobalSection(SolutionConfigurationPlatforms) = preSolution
		Debug|Any CPU = Debug|Any CPU
		Release|Any CPU = Release|Any CPU
	EndGlobalSection
	GlobalSection(ProjectConfigurationPlatforms) = postSolution
		{7DB93E21-FCD2-4D41-9D3F-7BED039468A4}.Debug|Any CPU.ActiveCfg = Debug|Any CPU
		{7DB93E21-FCD2-4D41-9D3F-7BED039468A4}.Debug|Any CPU.Build.0 = Debug|Any CPU
		{7DB93E21-FCD2-4D41-9D3F-7BED039468A4}.Release|Any CPU.ActiveCfg = Release|Any CPU
		{7DB93E21-FCD2-4D41-9D3F-7BED039468A4}.Release|Any CPU.Build.0 = Release|Any CPU
	EndGlobalSection
	GlobalSection(SolutionProperties) = preSolution
		HideSolutionNode = FALSE
	EndGlobalSection
	GlobalSection(ExtensibilityGlobals) = postSolution
		SolutionGuid = {68D46FF2-AB45-4464-8F8C-3FB7578263E3}
	EndGlobalSection
EndGlobal
